<?xml version="1.0" encoding="utf-8"?>
<Project ToolsVersion="4.0" xmlns="http://schemas.microsoft.com/developer/msbuild/2003">
  <ItemGroup>
    <ClCompile Include="Direct3DSetup.cpp" />
    <ClCompile Include="Main.cpp" />
    <ClCompile Include="Scene.cpp" />
    <ClCompile Include="Shader.cpp" />
    <ClCompile Include="Utility\Input.cpp">
      <Filter>Utility</Filter>
    </ClCompile>
    <ClCompile Include="Utility\Timer.cpp">
      <Filter>Utility</Filter>
    </ClCompile>
    <ClCompile Include="Math\CMatrix4x4.cpp">
      <Filter>Math</Filter>
    </ClCompile>
    <ClCompile Include="Math\CVector2.cpp">
      <Filter>Math</Filter>
    </ClCompile>
    <ClCompile Include="Math\CVector3.cpp">
      <Filter>Math</Filter>
    </ClCompile>
    <ClCompile Include="State.cpp" />
    <ClCompile Include="Model.cpp" />
    <ClCompile Include="Camera.cpp" />
    <ClCompile Include="Utility\GraphicsHelpers.cpp">
      <Filter>Utility</Filter>
    </ClCompile>
    <ClCompile Include="Mesh.cpp" />
    <ClCompile Include="Math\CVector4.cpp">
      <Filter>Math</Filter>
    </ClCompile>
  </ItemGroup>
  <ItemGroup>
    <ClInclude Include="Common.h" />
    <ClInclude Include="Direct3DSetup.h" />
    <ClInclude Include="Scene.h" />
    <ClInclude Include="Shader.h" />
    <ClInclude Include="Utility\ColourRGBA.h">
      <Filter>Utility</Filter>
    </ClInclude>
    <ClInclude Include="Utility\Input.h">
      <Filter>Utility</Filter>
    </ClInclude>
    <ClInclude Include="Utility\Timer.h">
      <Filter>Utility</Filter>
    </ClInclude>
    <ClInclude Include="Math\CMatrix4x4.h">
      <Filter>Math</Filter>
    </ClInclude>
    <ClInclude Include="Math\CVector2.h">
      <Filter>Math</Filter>
    </ClInclude>
    <ClInclude Include="Math\CVector3.h">
      <Filter>Math</Filter>
    </ClInclude>
    <ClInclude Include="Math\MathHelpers.h">
      <Filter>Math</Filter>
    </ClInclude>
    <ClInclude Include="State.h" />
    <ClInclude Include="Mesh.h" />
    <ClInclude Include="Model.h" />
    <ClInclude Include="Camera.h" />
    <ClInclude Include="Utility\GraphicsHelpers.h">
      <Filter>Utility</Filter>
    </ClInclude>
    <ClInclude Include="Math\CVector4.h">
      <Filter>Math</Filter>
    </ClInclude>
  </ItemGroup>
  <ItemGroup>
    <Filter Include="Utility">
      <UniqueIdentifier>{3b75a466-1b3f-44db-90a2-73a9bfc56583}</UniqueIdentifier>
    </Filter>
    <Filter Include="Shaders">
      <UniqueIdentifier>{1d198607-cf52-46a9-8994-554d241d97a0}</UniqueIdentifier>
    </Filter>
    <Filter Include="Math">
      <UniqueIdentifier>{739716ac-bd96-4e4c-b3a2-61c7fdfdea4e}</UniqueIdentifier>
    </Filter>
    <Filter Include="Post-Processing Shaders">
      <UniqueIdentifier>{54d6c200-aae4-4d0b-a802-911199a04f8b}</UniqueIdentifier>
    </Filter>
  </ItemGroup>
  <ItemGroup>
    <None Include="Common.hlsli">
      <Filter>Shaders</Filter>
    </None>
  </ItemGroup>
  <ItemGroup>
    <FxCompile Include="BasicTransform_vs.hlsl">
      <Filter>Shaders</Filter>
    </FxCompile>
    <FxCompile Include="PixelLighting_ps.hlsl">
      <Filter>Shaders</Filter>
    </FxCompile>
    <FxCompile Include="PixelLighting_vs.hlsl">
      <Filter>Shaders</Filter>
    </FxCompile>
    <FxCompile Include="TintedTexture_ps.hlsl">
      <Filter>Shaders</Filter>
    </FxCompile>
    <FxCompile Include="Tint_pp.hlsl">
      <Filter>Post-Processing Shaders</Filter>
    </FxCompile>
    <FxCompile Include="Burn_pp.hlsl">
      <Filter>Post-Processing Shaders</Filter>
    </FxCompile>
    <FxCompile Include="GreyNoise_pp.hlsl">
      <Filter>Post-Processing Shaders</Filter>
    </FxCompile>
    <FxCompile Include="Spiral_pp.hlsl">
      <Filter>Post-Processing Shaders</Filter>
    </FxCompile>
    <FxCompile Include="Distort_pp.hlsl">
      <Filter>Post-Processing Shaders</Filter>
    </FxCompile>
    <FxCompile Include="2DQuad_pp.hlsl">
      <Filter>Post-Processing Shaders</Filter>
    </FxCompile>
    <FxCompile Include="Copy_pp.hlsl">
      <Filter>Post-Processing Shaders</Filter>
    </FxCompile>
    <FxCompile Include="HeatHaze_pp.hlsl">
      <Filter>Post-Processing Shaders</Filter>
    </FxCompile>
    <FxCompile Include="2DPolygon_pp.hlsl">
      <Filter>Post-Processing Shaders</Filter>
    </FxCompile>
  </ItemGroup>
</Project>